
Microsoft Visual Studio Solution File, Format Version 12.00
# Visual Studio Version 17
VisualStudioVersion = 17.3.32825.248
MinimumVisualStudioVersion = 10.0.40219.1
Project("{FAE04EC0-301F-11D3-BF4B-00C04F79EFBC}") = "單一乘法表", "單一乘法表\單一乘法表.csproj", "{A9EF2AA0-B29F-427C-A497-8E7AA419D470}"
EndProject
Global
	GlobalSection(SolutionConfigurationPlatforms) = preSolution
		Debug|Any CPU = Debug|Any CPU
		Release|Any CPU = Release|Any CPU
	EndGlobalSection
	GlobalSection(ProjectConfigurationPlatforms) = postSolution
		{A9EF2AA0-B29F-427C-A497-8E7AA419D470}.Debug|Any CPU.ActiveCfg = Debug|Any CPU
		{A9EF2AA0-B29F-427C-A497-8E7AA419D470}.Debug|Any CPU.Build.0 = Debug|Any CPU
		{A9EF2AA0-B29F-427C-A497-8E7AA419D470}.Release|Any CPU.ActiveCfg = Release|Any CPU
		{A9EF2AA0-B29F-427C-A497-8E7AA419D470}.Release|Any CPU.Build.0 = Release|Any CPU
	EndGlobalSection
	GlobalSection(SolutionProperties) = preSolution
		HideSolutionNode = FALSE
	EndGlobalSection
	GlobalSection(ExtensibilityGlobals) = postSolution
		SolutionGuid = {C6B802B4-69F7-4004-AA92-8E930C2701AB}
	EndGlobalSection
EndGlobal
